{
  "object": {
    "pins": [
      {
        "package": "Base32",
        "repositoryURL": "https://github.com/norio-nomura/Base32",
        "state": {
          "branch": null,
          "revision": "8e33ed4b6d4631e711a56a6f723f6ddaf6294838",
          "version": "0.6.0"
        }
      },
      {
        "package": "KeychainSwift",
        "repositoryURL": "https://github.com/evgenyneu/keychain-swift.git",
        "state": {
          "branch": null,
          "revision": "50769a824dc1fc3681c6a752e818ee77d7031ba5",
          "version": "13.0.0"
        }
      },
      {
        "package": "libfa",
        "repositoryURL": "/Users/matrix/Development/libfa",
        "state": {
          "branch": null,
          "revision": "a96c34317021788aac2e30af66fb81479453e120",
          "version": "1.1.0"
        }
      },
      {
        "package": "libtoken",
        "repositoryURL": "/Users/matrix/Development/libtoken",
        "state": {
          "branch": null,
          "revision": "735d31283fc00b675de8b5bee26bd8f599f2ae71",
          "version": "1.0.1"
        }
      }
    ]
  },
  "version": 1
}
