PODS:
  - arek/Camera (4.0.2):
    - arek/Core
    - PMAlertController (= 3.5.0)
  - arek/Core (4.0.2):
    - PMAlertController (= 3.5.0)
  - ChameleonFramework/Default (2.1.0)
  - ChameleonFramework/Swift (2.1.0):
    - ChameleonFramework/Default
  - EFQRCode (4.5.0):
    - swift_qrcodejs (~> 1.0.1)
  - Eureka (4.3.1)
  - FontBlaster (4.1.0)
  - FuzzyMatchingSwift (0.7.0)
  - LibFA (1.1.1)
  - LibToken (2.0.5):
    - LibFA
  - MMDrawerController (0.6.0):
    - MMDrawerController/Core (= 0.6.0)
    - MMDrawerController/MMDrawerBarButtonItem (= 0.6.0)
    - MMDrawerController/MMDrawerVisualStates (= 0.6.0)
    - MMDrawerController/Subclass (= 0.6.0)
  - MMDrawerController/Core (0.6.0)
  - MMDrawerController/MMDrawerBarButtonItem (0.6.0):
    - MMDrawerController/Core
  - MMDrawerController/MMDrawerVisualStates (0.6.0):
    - MMDrawerController/Core
  - MMDrawerController/Subclass (0.6.0):
    - MMDrawerController/Core
  - Neon (0.4.0)
  - PMAlertController (3.5.0)
  - swift_qrcodejs (1.0.1)
  - SwiftyUserDefaults (4.0.0-alpha.1)

DEPENDENCIES:
  - arek/Camera
  - ChameleonFramework/Swift (from `https://github.com/viccalexander/Chameleon`, branch `wip/swift4`)
  - EFQRCode
  - Eureka
  - FontBlaster
  - FuzzyMatchingSwift
  - LibFA
  - LibToken
  - MMDrawerController
  - Neon
  - SwiftyUserDefaults (= 4.0.0-alpha.1)

SPEC REPOS:
  https://github.com/cocoapods/specs.git:
    - arek
    - EFQRCode
    - Eureka
    - FontBlaster
    - FuzzyMatchingSwift
    - MMDrawerController
    - Neon
    - PMAlertController
    - swift_qrcodejs
    - SwiftyUserDefaults
  https://github.com/otpio/cocoapods:
    - LibFA
    - LibToken

EXTERNAL SOURCES:
  ChameleonFramework:
    :branch: wip/swift4
    :git: https://github.com/viccalexander/Chameleon

CHECKOUT OPTIONS:
  ChameleonFramework:
    :commit: db432ca1b1a3d8f83ee1f881208c0c960a325e73
    :git: https://github.com/viccalexander/Chameleon

SPEC CHECKSUMS:
  arek: 59e81a83c8a6c4e70c3598f66d3f1092824d3170
  ChameleonFramework: d21a3cc247abfe5e37609a283a8238b03575cf64
  EFQRCode: 842f431e660da841f518993af8f4cbd275601d84
  Eureka: 28ea296f06710f6745266b71f17862048941a32d
  FontBlaster: 127aa66419478d1c62926c7fdb39841633344a45
  FuzzyMatchingSwift: bcbeda92c3d16dc338b4bfa655d5848d66b884dd
  LibFA: be5ea9b1dab9775f0ebebe7d67d806c59f4f46d3
  LibToken: 70d609f1e47c6d9407af8426faa1e9c1a626b217
  MMDrawerController: e3a54a5570388463ad3b36975251575b50c4e1a0
  Neon: 7fb5a9327e7e57911843f608e08f4893a74deaf9
  PMAlertController: 06dab8160066fc4ce991c880e3722cd403e2926a
  swift_qrcodejs: c181fe5c849d30c699546a23762d7e3dd143ab37
  SwiftyUserDefaults: cebe0ff9472f52699772a514b6f7155861d8069b

PODFILE CHECKSUM: d09f1f2e7a7410521d7ba245958d8a875f0e06e9

COCOAPODS: 1.6.0.rc.1
