// !$*UTF8*$!
{
	archiveVersion = 1;
	classes = {
	};
	objectVersion = 50;
	objects = {

/* Begin PBXBuildFile section */
		665EDDC221E9B81700641CF6 /* AppDelegate.swift in Sources */ = {isa = PBXBuildFile; fileRef = 665EDDC121E9B81700641CF6 /* AppDelegate.swift */; };
		665EDDC921E9B81700641CF6 /* Assets.xcassets in Resources */ = {isa = PBXBuildFile; fileRef = 665EDDC821E9B81700641CF6 /* Assets.xcassets */; };
		665EDDCC21E9B81700641CF6 /* LaunchScreen.storyboard in Resources */ = {isa = PBXBuildFile; fileRef = 665EDDCA21E9B81700641CF6 /* LaunchScreen.storyboard */; };
		665EDDD921E9B95D00641CF6 /* BaseUIController.swift in Sources */ = {isa = PBXBuildFile; fileRef = 665EDDD821E9B95D00641CF6 /* BaseUIController.swift */; };
		665EDDDC21E9BAA600641CF6 /* Constants.swift in Sources */ = {isa = PBXBuildFile; fileRef = 665EDDDB21E9BAA600641CF6 /* Constants.swift */; };
		665EDDDE21E9BB0800641CF6 /* ThemeEngine.swift in Sources */ = {isa = PBXBuildFile; fileRef = 665EDDDD21E9BB0800641CF6 /* ThemeEngine.swift */; };
		665EDDE121E9BB4000641CF6 /* Theme.swift in Sources */ = {isa = PBXBuildFile; fileRef = 665EDDE021E9BB4000641CF6 /* Theme.swift */; };
		66D3103D21F98BA00046F495 /* Fonts.swift in Sources */ = {isa = PBXBuildFile; fileRef = 66D3103C21F98BA00046F495 /* Fonts.swift */; };
		66D3103F21F9936B0046F495 /* BaseUINC.swift in Sources */ = {isa = PBXBuildFile; fileRef = 66D3103E21F9936B0046F495 /* BaseUINC.swift */; };
		66D3104121F994DB0046F495 /* Router.swift in Sources */ = {isa = PBXBuildFile; fileRef = 66D3104021F994DB0046F495 /* Router.swift */; };
		66D3104421F995030046F495 /* RoutingOptions.swift in Sources */ = {isa = PBXBuildFile; fileRef = 66D3104321F995030046F495 /* RoutingOptions.swift */; };
		66D3104621F996670046F495 /* MenuController.swift in Sources */ = {isa = PBXBuildFile; fileRef = 66D3104521F996670046F495 /* MenuController.swift */; };
		66D3105021F99E380046F495 /* Font Awesome 5 Pro-Light-300.otf in Resources */ = {isa = PBXBuildFile; fileRef = 66D3104B21F99E120046F495 /* Font Awesome 5 Pro-Light-300.otf */; };
		66D3105121F99E3B0046F495 /* Font Awesome 5 Pro-Regular-400.otf in Resources */ = {isa = PBXBuildFile; fileRef = 66D3104D21F99E120046F495 /* Font Awesome 5 Pro-Regular-400.otf */; };
		66D3105221F99E3E0046F495 /* Font Awesome 5 Pro-Solid-900.otf in Resources */ = {isa = PBXBuildFile; fileRef = 66D3104C21F99E120046F495 /* Font Awesome 5 Pro-Solid-900.otf */; };
		66D3105821F99E850046F495 /* Font Awesome 5 Brands-Regular-400.otf in Resources */ = {isa = PBXBuildFile; fileRef = 66D3105721F99E850046F495 /* Font Awesome 5 Brands-Regular-400.otf */; };
		66F18F8121F6EBFE00E88473 /* BaseUILabel.swift in Sources */ = {isa = PBXBuildFile; fileRef = 66F18F8021F6EBFE00E88473 /* BaseUILabel.swift */; };
		66F18F8421F6EE6700E88473 /* Colors.swift in Sources */ = {isa = PBXBuildFile; fileRef = 66F18F8321F6EE6700E88473 /* Colors.swift */; };
		66F18FC921F700C100E88473 /* UserTokensVC.swift in Sources */ = {isa = PBXBuildFile; fileRef = 66F18FC821F700C100E88473 /* UserTokensVC.swift */; };
		EAABC78A103B720284A725D4 /* Pods_otpio.framework in Frameworks */ = {isa = PBXBuildFile; fileRef = 9F651AF26F30A46B71E73F1B /* Pods_otpio.framework */; };
/* End PBXBuildFile section */

/* Begin PBXFileReference section */
		37F31EBD498713211F1D5661 /* Pods-otpio.debug.xcconfig */ = {isa = PBXFileReference; includeInIndex = 1; lastKnownFileType = text.xcconfig; name = "Pods-otpio.debug.xcconfig"; path = "Target Support Files/Pods-otpio/Pods-otpio.debug.xcconfig"; sourceTree = "<group>"; };
		665EDDBE21E9B81700641CF6 /* otpio.app */ = {isa = PBXFileReference; explicitFileType = wrapper.application; includeInIndex = 0; path = otpio.app; sourceTree = BUILT_PRODUCTS_DIR; };
		665EDDC121E9B81700641CF6 /* AppDelegate.swift */ = {isa = PBXFileReference; lastKnownFileType = sourcecode.swift; path = AppDelegate.swift; sourceTree = "<group>"; };
		665EDDC821E9B81700641CF6 /* Assets.xcassets */ = {isa = PBXFileReference; lastKnownFileType = folder.assetcatalog; path = Assets.xcassets; sourceTree = "<group>"; };
		665EDDCB21E9B81700641CF6 /* Base */ = {isa = PBXFileReference; lastKnownFileType = file.storyboard; name = Base; path = Base.lproj/LaunchScreen.storyboard; sourceTree = "<group>"; };
		665EDDCD21E9B81700641CF6 /* Info.plist */ = {isa = PBXFileReference; lastKnownFileType = text.plist.xml; path = Info.plist; sourceTree = "<group>"; };
		665EDDD821E9B95D00641CF6 /* BaseUIController.swift */ = {isa = PBXFileReference; lastKnownFileType = sourcecode.swift; path = BaseUIController.swift; sourceTree = "<group>"; };
		665EDDDB21E9BAA600641CF6 /* Constants.swift */ = {isa = PBXFileReference; lastKnownFileType = sourcecode.swift; path = Constants.swift; sourceTree = "<group>"; };
		665EDDDD21E9BB0800641CF6 /* ThemeEngine.swift */ = {isa = PBXFileReference; lastKnownFileType = sourcecode.swift; path = ThemeEngine.swift; sourceTree = "<group>"; };
		665EDDE021E9BB4000641CF6 /* Theme.swift */ = {isa = PBXFileReference; lastKnownFileType = sourcecode.swift; path = Theme.swift; sourceTree = "<group>"; };
		66D3103C21F98BA00046F495 /* Fonts.swift */ = {isa = PBXFileReference; fileEncoding = 4; lastKnownFileType = sourcecode.swift; path = Fonts.swift; sourceTree = "<group>"; };
		66D3103E21F9936B0046F495 /* BaseUINC.swift */ = {isa = PBXFileReference; lastKnownFileType = sourcecode.swift; path = BaseUINC.swift; sourceTree = "<group>"; };
		66D3104021F994DB0046F495 /* Router.swift */ = {isa = PBXFileReference; lastKnownFileType = sourcecode.swift; path = Router.swift; sourceTree = "<group>"; };
		66D3104321F995030046F495 /* RoutingOptions.swift */ = {isa = PBXFileReference; lastKnownFileType = sourcecode.swift; path = RoutingOptions.swift; sourceTree = "<group>"; };
		66D3104521F996670046F495 /* MenuController.swift */ = {isa = PBXFileReference; lastKnownFileType = sourcecode.swift; path = MenuController.swift; sourceTree = "<group>"; };
		66D3104B21F99E120046F495 /* Font Awesome 5 Pro-Light-300.otf */ = {isa = PBXFileReference; lastKnownFileType = file; path = "Font Awesome 5 Pro-Light-300.otf"; sourceTree = "<group>"; };
		66D3104C21F99E120046F495 /* Font Awesome 5 Pro-Solid-900.otf */ = {isa = PBXFileReference; lastKnownFileType = file; path = "Font Awesome 5 Pro-Solid-900.otf"; sourceTree = "<group>"; };
		66D3104D21F99E120046F495 /* Font Awesome 5 Pro-Regular-400.otf */ = {isa = PBXFileReference; lastKnownFileType = file; path = "Font Awesome 5 Pro-Regular-400.otf"; sourceTree = "<group>"; };
		66D3105721F99E850046F495 /* Font Awesome 5 Brands-Regular-400.otf */ = {isa = PBXFileReference; lastKnownFileType = file; path = "Font Awesome 5 Brands-Regular-400.otf"; sourceTree = "<group>"; };
		66F18F8021F6EBFE00E88473 /* BaseUILabel.swift */ = {isa = PBXFileReference; lastKnownFileType = sourcecode.swift; path = BaseUILabel.swift; sourceTree = "<group>"; };
		66F18F8321F6EE6700E88473 /* Colors.swift */ = {isa = PBXFileReference; lastKnownFileType = sourcecode.swift; path = Colors.swift; sourceTree = "<group>"; };
		66F18FC821F700C100E88473 /* UserTokensVC.swift */ = {isa = PBXFileReference; lastKnownFileType = sourcecode.swift; path = UserTokensVC.swift; sourceTree = "<group>"; };
		9F651AF26F30A46B71E73F1B /* Pods_otpio.framework */ = {isa = PBXFileReference; explicitFileType = wrapper.framework; includeInIndex = 0; path = Pods_otpio.framework; sourceTree = BUILT_PRODUCTS_DIR; };
		F238C6B9F9C31030B6395C9B /* Pods-otpio.release.xcconfig */ = {isa = PBXFileReference; includeInIndex = 1; lastKnownFileType = text.xcconfig; name = "Pods-otpio.release.xcconfig"; path = "Target Support Files/Pods-otpio/Pods-otpio.release.xcconfig"; sourceTree = "<group>"; };
/* End PBXFileReference section */

/* Begin PBXFrameworksBuildPhase section */
		665EDDBB21E9B81700641CF6 /* Frameworks */ = {
			isa = PBXFrameworksBuildPhase;
			buildActionMask = 2147483647;
			files = (
				EAABC78A103B720284A725D4 /* Pods_otpio.framework in Frameworks */,
			);
			runOnlyForDeploymentPostprocessing = 0;
		};
/* End PBXFrameworksBuildPhase section */

/* Begin PBXGroup section */
		665EDDB521E9B81700641CF6 = {
			isa = PBXGroup;
			children = (
				665EDDC021E9B81700641CF6 /* otpio */,
				665EDDBF21E9B81700641CF6 /* Products */,
				ECBC05CE37F2528BDF5B7136 /* Pods */,
				BBF6686E29CC683257B838F9 /* Frameworks */,
			);
			sourceTree = "<group>";
		};
		665EDDBF21E9B81700641CF6 /* Products */ = {
			isa = PBXGroup;
			children = (
				665EDDBE21E9B81700641CF6 /* otpio.app */,
			);
			name = Products;
			sourceTree = "<group>";
		};
		665EDDC021E9B81700641CF6 /* otpio */ = {
			isa = PBXGroup;
			children = (
				665EDDC121E9B81700641CF6 /* AppDelegate.swift */,
				665EDDD421E9B91100641CF6 /* UI */,
				665EDDDA21E9BA9700641CF6 /* Misc */,
				665EDDD321E9B82D00641CF6 /* Resources */,
			);
			path = otpio;
			sourceTree = "<group>";
		};
		665EDDD321E9B82D00641CF6 /* Resources */ = {
			isa = PBXGroup;
			children = (
				66D3105521F99E510046F495 /* Fonts */,
				665EDDC821E9B81700641CF6 /* Assets.xcassets */,
				665EDDCA21E9B81700641CF6 /* LaunchScreen.storyboard */,
				665EDDCD21E9B81700641CF6 /* Info.plist */,
			);
			path = Resources;
			sourceTree = "<group>";
		};
		665EDDD421E9B91100641CF6 /* UI */ = {
			isa = PBXGroup;
			children = (
				66D3104221F994E00046F495 /* Navigation */,
				665EDDDF21E9BB0E00641CF6 /* Theme */,
				665EDDD721E9B94A00641CF6 /* Bootstrap */,
				66F18FC721F700AE00E88473 /* Tokens */,
			);
			path = UI;
			sourceTree = "<group>";
		};
		665EDDD721E9B94A00641CF6 /* Bootstrap */ = {
			isa = PBXGroup;
			children = (
				66D3103E21F9936B0046F495 /* BaseUINC.swift */,
				665EDDD821E9B95D00641CF6 /* BaseUIController.swift */,
				66F18F8021F6EBFE00E88473 /* BaseUILabel.swift */,
			);
			path = Bootstrap;
			sourceTree = "<group>";
		};
		665EDDDA21E9BA9700641CF6 /* Misc */ = {
			isa = PBXGroup;
			children = (
				66D3103C21F98BA00046F495 /* Fonts.swift */,
				665EDDDB21E9BAA600641CF6 /* Constants.swift */,
				66F18F8321F6EE6700E88473 /* Colors.swift */,
			);
			path = Misc;
			sourceTree = "<group>";
		};
		665EDDDF21E9BB0E00641CF6 /* Theme */ = {
			isa = PBXGroup;
			children = (
				665EDDDD21E9BB0800641CF6 /* ThemeEngine.swift */,
				665EDDE021E9BB4000641CF6 /* Theme.swift */,
			);
			path = Theme;
			sourceTree = "<group>";
		};
		66D3104221F994E00046F495 /* Navigation */ = {
			isa = PBXGroup;
			children = (
				66D3104021F994DB0046F495 /* Router.swift */,
				66D3104321F995030046F495 /* RoutingOptions.swift */,
				66D3104521F996670046F495 /* MenuController.swift */,
			);
			path = Navigation;
			sourceTree = "<group>";
		};
		66D3105521F99E510046F495 /* Fonts */ = {
			isa = PBXGroup;
			children = (
				66D3105721F99E850046F495 /* Font Awesome 5 Brands-Regular-400.otf */,
				66D3104B21F99E120046F495 /* Font Awesome 5 Pro-Light-300.otf */,
				66D3104D21F99E120046F495 /* Font Awesome 5 Pro-Regular-400.otf */,
				66D3104C21F99E120046F495 /* Font Awesome 5 Pro-Solid-900.otf */,
			);
			path = Fonts;
			sourceTree = "<group>";
		};
		66F18FC721F700AE00E88473 /* Tokens */ = {
			isa = PBXGroup;
			children = (
				66F18FC821F700C100E88473 /* UserTokensVC.swift */,
			);
			path = Tokens;
			sourceTree = "<group>";
		};
		BBF6686E29CC683257B838F9 /* Frameworks */ = {
			isa = PBXGroup;
			children = (
				9F651AF26F30A46B71E73F1B /* Pods_otpio.framework */,
			);
			name = Frameworks;
			sourceTree = "<group>";
		};
		ECBC05CE37F2528BDF5B7136 /* Pods */ = {
			isa = PBXGroup;
			children = (
				37F31EBD498713211F1D5661 /* Pods-otpio.debug.xcconfig */,
				F238C6B9F9C31030B6395C9B /* Pods-otpio.release.xcconfig */,
			);
			path = Pods;
			sourceTree = "<group>";
		};
/* End PBXGroup section */

/* Begin PBXNativeTarget section */
		665EDDBD21E9B81700641CF6 /* otpio */ = {
			isa = PBXNativeTarget;
			buildConfigurationList = 665EDDD021E9B81700641CF6 /* Build configuration list for PBXNativeTarget "otpio" */;
			buildPhases = (
				4FB3DFED29EEB4D3FDBE27A2 /* [CP] Check Pods Manifest.lock */,
				66F18FC621F6F98100E88473 /* ShellScript */,
				665EDDBA21E9B81700641CF6 /* Sources */,
				665EDDBB21E9B81700641CF6 /* Frameworks */,
				665EDDBC21E9B81700641CF6 /* Resources */,
				A33E8059B4430AE2CAF9EB8A /* [CP] Embed Pods Frameworks */,
			);
			buildRules = (
			);
			dependencies = (
			);
			name = otpio;
			productName = otpio;
			productReference = 665EDDBE21E9B81700641CF6 /* otpio.app */;
			productType = "com.apple.product-type.application";
		};
/* End PBXNativeTarget section */

/* Begin PBXProject section */
		665EDDB621E9B81700641CF6 /* Project object */ = {
			isa = PBXProject;
			attributes = {
				LastSwiftUpdateCheck = 1010;
				LastUpgradeCheck = 1010;
				ORGANIZATIONNAME = "Matrix Studios";
				TargetAttributes = {
					665EDDBD21E9B81700641CF6 = {
						CreatedOnToolsVersion = 10.1;
					};
				};
			};
			buildConfigurationList = 665EDDB921E9B81700641CF6 /* Build configuration list for PBXProject "otpio" */;
			compatibilityVersion = "Xcode 9.3";
			developmentRegion = en;
			hasScannedForEncodings = 0;
			knownRegions = (
				en,
				Base,
			);
			mainGroup = 665EDDB521E9B81700641CF6;
			productRefGroup = 665EDDBF21E9B81700641CF6 /* Products */;
			projectDirPath = "";
			projectRoot = "";
			targets = (
				665EDDBD21E9B81700641CF6 /* otpio */,
			);
		};
/* End PBXProject section */

/* Begin PBXResourcesBuildPhase section */
		665EDDBC21E9B81700641CF6 /* Resources */ = {
			isa = PBXResourcesBuildPhase;
			buildActionMask = 2147483647;
			files = (
				665EDDCC21E9B81700641CF6 /* LaunchScreen.storyboard in Resources */,
				66D3105821F99E850046F495 /* Font Awesome 5 Brands-Regular-400.otf in Resources */,
				665EDDC921E9B81700641CF6 /* Assets.xcassets in Resources */,
				66D3105021F99E380046F495 /* Font Awesome 5 Pro-Light-300.otf in Resources */,
				66D3105121F99E3B0046F495 /* Font Awesome 5 Pro-Regular-400.otf in Resources */,
				66D3105221F99E3E0046F495 /* Font Awesome 5 Pro-Solid-900.otf in Resources */,
			);
			runOnlyForDeploymentPostprocessing = 0;
		};
/* End PBXResourcesBuildPhase section */

/* Begin PBXShellScriptBuildPhase section */
		4FB3DFED29EEB4D3FDBE27A2 /* [CP] Check Pods Manifest.lock */ = {
			isa = PBXShellScriptBuildPhase;
			buildActionMask = 2147483647;
			files = (
			);
			inputFileListPaths = (
			);
			inputPaths = (
				"${PODS_PODFILE_DIR_PATH}/Podfile.lock",
				"${PODS_ROOT}/Manifest.lock",
			);
			name = "[CP] Check Pods Manifest.lock";
			outputFileListPaths = (
			);
			outputPaths = (
				"$(DERIVED_FILE_DIR)/Pods-otpio-checkManifestLockResult.txt",
			);
			runOnlyForDeploymentPostprocessing = 0;
			shellPath = /bin/sh;
			shellScript = "diff \"${PODS_PODFILE_DIR_PATH}/Podfile.lock\" \"${PODS_ROOT}/Manifest.lock\" > /dev/null\nif [ $? != 0 ] ; then\n    # print error to STDERR\n    echo \"error: The sandbox is not in sync with the Podfile.lock. Run 'pod install' or update your CocoaPods installation.\" >&2\n    exit 1\nfi\n# This output is used by Xcode 'outputs' to avoid re-running this script phase.\necho \"SUCCESS\" > \"${SCRIPT_OUTPUT_FILE_0}\"\n";
			showEnvVarsInLog = 0;
		};
		66F18FC621F6F98100E88473 /* ShellScript */ = {
			isa = PBXShellScriptBuildPhase;
			buildActionMask = 2147483647;
			files = (
			);
			inputFileListPaths = (
			);
			inputPaths = (
				"$(SRCROOT)/Assets/colors/colors.txt",
				"$(SRCROOT)/Assets/fonts/",
			);
			outputFileListPaths = (
			);
			outputPaths = (
				"$(DERIVED_FILE_DIR)/Misc/Colors.swift",
				"$(DERIVED_FILE_DIR)/Misc/Fonts.swift",
			);
			runOnlyForDeploymentPostprocessing = 0;
			shellPath = /bin/sh;
			shellScript = "cd $SRCROOT/Assets\nswiftgen\n";
		};
		A33E8059B4430AE2CAF9EB8A /* [CP] Embed Pods Frameworks */ = {
			isa = PBXShellScriptBuildPhase;
			buildActionMask = 2147483647;
			files = (
			);
			inputFileListPaths = (
			);
			inputPaths = (
				"${PODS_ROOT}/Target Support Files/Pods-otpio/Pods-otpio-frameworks.sh",
				"${BUILT_PRODUCTS_DIR}/ChameleonFramework/ChameleonFramework.framework",
				"${BUILT_PRODUCTS_DIR}/LibFA/LibFA.framework",
				"${BUILT_PRODUCTS_DIR}/LibToken/LibToken.framework",
				"${BUILT_PRODUCTS_DIR}/MMDrawerController/MMDrawerController.framework",
				"${BUILT_PRODUCTS_DIR}/Neon/Neon.framework",
				"${BUILT_PRODUCTS_DIR}/SwiftyUserDefaults/SwiftyUserDefaults.framework",
			);
			name = "[CP] Embed Pods Frameworks";
			outputFileListPaths = (
			);
			outputPaths = (
				"${TARGET_BUILD_DIR}/${FRAMEWORKS_FOLDER_PATH}/ChameleonFramework.framework",
				"${TARGET_BUILD_DIR}/${FRAMEWORKS_FOLDER_PATH}/LibFA.framework",
				"${TARGET_BUILD_DIR}/${FRAMEWORKS_FOLDER_PATH}/LibToken.framework",
				"${TARGET_BUILD_DIR}/${FRAMEWORKS_FOLDER_PATH}/MMDrawerController.framework",
				"${TARGET_BUILD_DIR}/${FRAMEWORKS_FOLDER_PATH}/Neon.framework",
				"${TARGET_BUILD_DIR}/${FRAMEWORKS_FOLDER_PATH}/SwiftyUserDefaults.framework",
			);
			runOnlyForDeploymentPostprocessing = 0;
			shellPath = /bin/sh;
			shellScript = "\"${PODS_ROOT}/Target Support Files/Pods-otpio/Pods-otpio-frameworks.sh\"\n";
			showEnvVarsInLog = 0;
		};
/* End PBXShellScriptBuildPhase section */

/* Begin PBXSourcesBuildPhase section */
		665EDDBA21E9B81700641CF6 /* Sources */ = {
			isa = PBXSourcesBuildPhase;
			buildActionMask = 2147483647;
			files = (
				66D3104121F994DB0046F495 /* Router.swift in Sources */,
				665EDDD921E9B95D00641CF6 /* BaseUIController.swift in Sources */,
				66F18FC921F700C100E88473 /* UserTokensVC.swift in Sources */,
				66D3104421F995030046F495 /* RoutingOptions.swift in Sources */,
				665EDDDE21E9BB0800641CF6 /* ThemeEngine.swift in Sources */,
				665EDDE121E9BB4000641CF6 /* Theme.swift in Sources */,
				66F18F8421F6EE6700E88473 /* Colors.swift in Sources */,
				665EDDC221E9B81700641CF6 /* AppDelegate.swift in Sources */,
				665EDDDC21E9BAA600641CF6 /* Constants.swift in Sources */,
				66D3103D21F98BA00046F495 /* Fonts.swift in Sources */,
				66F18F8121F6EBFE00E88473 /* BaseUILabel.swift in Sources */,
				66D3104621F996670046F495 /* MenuController.swift in Sources */,
				66D3103F21F9936B0046F495 /* BaseUINC.swift in Sources */,
			);
			runOnlyForDeploymentPostprocessing = 0;
		};
/* End PBXSourcesBuildPhase section */

/* Begin PBXVariantGroup section */
		665EDDCA21E9B81700641CF6 /* LaunchScreen.storyboard */ = {
			isa = PBXVariantGroup;
			children = (
				665EDDCB21E9B81700641CF6 /* Base */,
			);
			name = LaunchScreen.storyboard;
			sourceTree = "<group>";
		};
/* End PBXVariantGroup section */

/* Begin XCBuildConfiguration section */
		665EDDCE21E9B81700641CF6 /* Debug */ = {
			isa = XCBuildConfiguration;
			buildSettings = {
				ALWAYS_SEARCH_USER_PATHS = NO;
				CLANG_ANALYZER_NONNULL = YES;
				CLANG_ANALYZER_NUMBER_OBJECT_CONVERSION = YES_AGGRESSIVE;
				CLANG_CXX_LANGUAGE_STANDARD = "gnu++14";
				CLANG_CXX_LIBRARY = "libc++";
				CLANG_ENABLE_MODULES = YES;
				CLANG_ENABLE_OBJC_ARC = YES;
				CLANG_ENABLE_OBJC_WEAK = YES;
				CLANG_WARN_BLOCK_CAPTURE_AUTORELEASING = YES;
				CLANG_WARN_BOOL_CONVERSION = YES;
				CLANG_WARN_COMMA = YES;
				CLANG_WARN_CONSTANT_CONVERSION = YES;
				CLANG_WARN_DEPRECATED_OBJC_IMPLEMENTATIONS = YES;
				CLANG_WARN_DIRECT_OBJC_ISA_USAGE = YES_ERROR;
				CLANG_WARN_DOCUMENTATION_COMMENTS = YES;
				CLANG_WARN_EMPTY_BODY = YES;
				CLANG_WARN_ENUM_CONVERSION = YES;
				CLANG_WARN_INFINITE_RECURSION = YES;
				CLANG_WARN_INT_CONVERSION = YES;
				CLANG_WARN_NON_LITERAL_NULL_CONVERSION = YES;
				CLANG_WARN_OBJC_IMPLICIT_RETAIN_SELF = YES;
				CLANG_WARN_OBJC_LITERAL_CONVERSION = YES;
				CLANG_WARN_OBJC_ROOT_CLASS = YES_ERROR;
				CLANG_WARN_RANGE_LOOP_ANALYSIS = YES;
				CLANG_WARN_STRICT_PROTOTYPES = YES;
				CLANG_WARN_SUSPICIOUS_MOVE = YES;
				CLANG_WARN_UNGUARDED_AVAILABILITY = YES_AGGRESSIVE;
				CLANG_WARN_UNREACHABLE_CODE = YES;
				CLANG_WARN__DUPLICATE_METHOD_MATCH = YES;
				CODE_SIGN_IDENTITY = "iPhone Developer";
				COPY_PHASE_STRIP = NO;
				DEBUG_INFORMATION_FORMAT = dwarf;
				ENABLE_STRICT_OBJC_MSGSEND = YES;
				ENABLE_TESTABILITY = YES;
				GCC_C_LANGUAGE_STANDARD = gnu11;
				GCC_DYNAMIC_NO_PIC = NO;
				GCC_NO_COMMON_BLOCKS = YES;
				GCC_OPTIMIZATION_LEVEL = 0;
				GCC_PREPROCESSOR_DEFINITIONS = (
					"DEBUG=1",
					"$(inherited)",
				);
				GCC_WARN_64_TO_32_BIT_CONVERSION = YES;
				GCC_WARN_ABOUT_RETURN_TYPE = YES_ERROR;
				GCC_WARN_UNDECLARED_SELECTOR = YES;
				GCC_WARN_UNINITIALIZED_AUTOS = YES_AGGRESSIVE;
				GCC_WARN_UNUSED_FUNCTION = YES;
				GCC_WARN_UNUSED_VARIABLE = YES;
				IPHONEOS_DEPLOYMENT_TARGET = 12.1;
				MTL_ENABLE_DEBUG_INFO = INCLUDE_SOURCE;
				MTL_FAST_MATH = YES;
				ONLY_ACTIVE_ARCH = YES;
				SDKROOT = iphoneos;
				SWIFT_ACTIVE_COMPILATION_CONDITIONS = DEBUG;
				SWIFT_OPTIMIZATION_LEVEL = "-Onone";
			};
			name = Debug;
		};
		665EDDCF21E9B81700641CF6 /* Release */ = {
			isa = XCBuildConfiguration;
			buildSettings = {
				ALWAYS_SEARCH_USER_PATHS = NO;
				CLANG_ANALYZER_NONNULL = YES;
				CLANG_ANALYZER_NUMBER_OBJECT_CONVERSION = YES_AGGRESSIVE;
				CLANG_CXX_LANGUAGE_STANDARD = "gnu++14";
				CLANG_CXX_LIBRARY = "libc++";
				CLANG_ENABLE_MODULES = YES;
				CLANG_ENABLE_OBJC_ARC = YES;
				CLANG_ENABLE_OBJC_WEAK = YES;
				CLANG_WARN_BLOCK_CAPTURE_AUTORELEASING = YES;
				CLANG_WARN_BOOL_CONVERSION = YES;
				CLANG_WARN_COMMA = YES;
				CLANG_WARN_CONSTANT_CONVERSION = YES;
				CLANG_WARN_DEPRECATED_OBJC_IMPLEMENTATIONS = YES;
				CLANG_WARN_DIRECT_OBJC_ISA_USAGE = YES_ERROR;
				CLANG_WARN_DOCUMENTATION_COMMENTS = YES;
				CLANG_WARN_EMPTY_BODY = YES;
				CLANG_WARN_ENUM_CONVERSION = YES;
				CLANG_WARN_INFINITE_RECURSION = YES;
				CLANG_WARN_INT_CONVERSION = YES;
				CLANG_WARN_NON_LITERAL_NULL_CONVERSION = YES;
				CLANG_WARN_OBJC_IMPLICIT_RETAIN_SELF = YES;
				CLANG_WARN_OBJC_LITERAL_CONVERSION = YES;
				CLANG_WARN_OBJC_ROOT_CLASS = YES_ERROR;
				CLANG_WARN_RANGE_LOOP_ANALYSIS = YES;
				CLANG_WARN_STRICT_PROTOTYPES = YES;
				CLANG_WARN_SUSPICIOUS_MOVE = YES;
				CLANG_WARN_UNGUARDED_AVAILABILITY = YES_AGGRESSIVE;
				CLANG_WARN_UNREACHABLE_CODE = YES;
				CLANG_WARN__DUPLICATE_METHOD_MATCH = YES;
				CODE_SIGN_IDENTITY = "iPhone Developer";
				COPY_PHASE_STRIP = NO;
				DEBUG_INFORMATION_FORMAT = "dwarf-with-dsym";
				ENABLE_NS_ASSERTIONS = NO;
				ENABLE_STRICT_OBJC_MSGSEND = YES;
				GCC_C_LANGUAGE_STANDARD = gnu11;
				GCC_NO_COMMON_BLOCKS = YES;
				GCC_WARN_64_TO_32_BIT_CONVERSION = YES;
				GCC_WARN_ABOUT_RETURN_TYPE = YES_ERROR;
				GCC_WARN_UNDECLARED_SELECTOR = YES;
				GCC_WARN_UNINITIALIZED_AUTOS = YES_AGGRESSIVE;
				GCC_WARN_UNUSED_FUNCTION = YES;
				GCC_WARN_UNUSED_VARIABLE = YES;
				IPHONEOS_DEPLOYMENT_TARGET = 12.1;
				MTL_ENABLE_DEBUG_INFO = NO;
				MTL_FAST_MATH = YES;
				SDKROOT = iphoneos;
				SWIFT_COMPILATION_MODE = wholemodule;
				SWIFT_OPTIMIZATION_LEVEL = "-O";
				VALIDATE_PRODUCT = YES;
			};
			name = Release;
		};
		665EDDD121E9B81700641CF6 /* Debug */ = {
			isa = XCBuildConfiguration;
			baseConfigurationReference = 37F31EBD498713211F1D5661 /* Pods-otpio.debug.xcconfig */;
			buildSettings = {
				ASSETCATALOG_COMPILER_APPICON_NAME = AppIcon;
				CODE_SIGN_STYLE = Automatic;
				DEVELOPMENT_TEAM = 6S4L29QT59;
				INFOPLIST_FILE = "$(SRCROOT)/otpio/Resources/Info.plist";
				IPHONEOS_DEPLOYMENT_TARGET = 12.0;
				LD_RUNPATH_SEARCH_PATHS = (
					"$(inherited)",
					"@executable_path/Frameworks",
				);
				PRODUCT_BUNDLE_IDENTIFIER = com.otpio.otpio;
				PRODUCT_NAME = "$(TARGET_NAME)";
				SWIFT_VERSION = 4.2;
				TARGETED_DEVICE_FAMILY = 1;
			};
			name = Debug;
		};
		665EDDD221E9B81700641CF6 /* Release */ = {
			isa = XCBuildConfiguration;
			baseConfigurationReference = F238C6B9F9C31030B6395C9B /* Pods-otpio.release.xcconfig */;
			buildSettings = {
				ASSETCATALOG_COMPILER_APPICON_NAME = AppIcon;
				CODE_SIGN_STYLE = Automatic;
				DEVELOPMENT_TEAM = 6S4L29QT59;
				INFOPLIST_FILE = "$(SRCROOT)/otpio/Resources/Info.plist";
				IPHONEOS_DEPLOYMENT_TARGET = 12.0;
				LD_RUNPATH_SEARCH_PATHS = (
					"$(inherited)",
					"@executable_path/Frameworks",
				);
				PRODUCT_BUNDLE_IDENTIFIER = com.otpio.otpio;
				PRODUCT_NAME = "$(TARGET_NAME)";
				SWIFT_VERSION = 4.2;
				TARGETED_DEVICE_FAMILY = 1;
			};
			name = Release;
		};
/* End XCBuildConfiguration section */

/* Begin XCConfigurationList section */
		665EDDB921E9B81700641CF6 /* Build configuration list for PBXProject "otpio" */ = {
			isa = XCConfigurationList;
			buildConfigurations = (
				665EDDCE21E9B81700641CF6 /* Debug */,
				665EDDCF21E9B81700641CF6 /* Release */,
			);
			defaultConfigurationIsVisible = 0;
			defaultConfigurationName = Release;
		};
		665EDDD021E9B81700641CF6 /* Build configuration list for PBXNativeTarget "otpio" */ = {
			isa = XCConfigurationList;
			buildConfigurations = (
				665EDDD121E9B81700641CF6 /* Debug */,
				665EDDD221E9B81700641CF6 /* Release */,
			);
			defaultConfigurationIsVisible = 0;
			defaultConfigurationName = Release;
		};
/* End XCConfigurationList section */
	};
	rootObject = 665EDDB621E9B81700641CF6 /* Project object */;
}
