// !$*UTF8*$!
{
	archiveVersion = 1;
	classes = {
	};
	objectVersion = 50;
	objects = {

/* Begin PBXBuildFile section */
		1F46B3C495C7D5C334F79AEC /* Pods_otpio.framework in Frameworks */ = {isa = PBXBuildFile; fileRef = 019D5787F17954E092C11C5D /* Pods_otpio.framework */; };
		6602584821CAF29A00DCC3BC /* AppDelegate.swift in Sources */ = {isa = PBXBuildFile; fileRef = 6602584721CAF29A00DCC3BC /* AppDelegate.swift */; };
		6602584A21CAF29A00DCC3BC /* ViewController.swift in Sources */ = {isa = PBXBuildFile; fileRef = 6602584921CAF29A00DCC3BC /* ViewController.swift */; };
		6602584D21CAF29A00DCC3BC /* Main.storyboard in Resources */ = {isa = PBXBuildFile; fileRef = 6602584B21CAF29A00DCC3BC /* Main.storyboard */; };
		6602584F21CAF29B00DCC3BC /* Assets.xcassets in Resources */ = {isa = PBXBuildFile; fileRef = 6602584E21CAF29B00DCC3BC /* Assets.xcassets */; };
		6602585221CAF29B00DCC3BC /* LaunchScreen.storyboard in Resources */ = {isa = PBXBuildFile; fileRef = 6602585021CAF29B00DCC3BC /* LaunchScreen.storyboard */; };
/* End PBXBuildFile section */

/* Begin PBXFileReference section */
		019D5787F17954E092C11C5D /* Pods_otpio.framework */ = {isa = PBXFileReference; explicitFileType = wrapper.framework; includeInIndex = 0; path = Pods_otpio.framework; sourceTree = BUILT_PRODUCTS_DIR; };
		0FA6A496A4495BF0D59F6A6F /* Pods-otpio.release.xcconfig */ = {isa = PBXFileReference; includeInIndex = 1; lastKnownFileType = text.xcconfig; name = "Pods-otpio.release.xcconfig"; path = "Target Support Files/Pods-otpio/Pods-otpio.release.xcconfig"; sourceTree = "<group>"; };
		1D113EA5D421D7B6B70B37D1 /* Pods-otpio.debug.xcconfig */ = {isa = PBXFileReference; includeInIndex = 1; lastKnownFileType = text.xcconfig; name = "Pods-otpio.debug.xcconfig"; path = "Target Support Files/Pods-otpio/Pods-otpio.debug.xcconfig"; sourceTree = "<group>"; };
		6602584421CAF29A00DCC3BC /* otpio.app */ = {isa = PBXFileReference; explicitFileType = wrapper.application; includeInIndex = 0; path = otpio.app; sourceTree = BUILT_PRODUCTS_DIR; };
		6602584721CAF29A00DCC3BC /* AppDelegate.swift */ = {isa = PBXFileReference; lastKnownFileType = sourcecode.swift; path = AppDelegate.swift; sourceTree = "<group>"; };
		6602584921CAF29A00DCC3BC /* ViewController.swift */ = {isa = PBXFileReference; lastKnownFileType = sourcecode.swift; path = ViewController.swift; sourceTree = "<group>"; };
		6602584C21CAF29A00DCC3BC /* Base */ = {isa = PBXFileReference; lastKnownFileType = file.storyboard; name = Base; path = Base.lproj/Main.storyboard; sourceTree = "<group>"; };
		6602584E21CAF29B00DCC3BC /* Assets.xcassets */ = {isa = PBXFileReference; lastKnownFileType = folder.assetcatalog; path = Assets.xcassets; sourceTree = "<group>"; };
		6602585121CAF29B00DCC3BC /* Base */ = {isa = PBXFileReference; lastKnownFileType = file.storyboard; name = Base; path = Base.lproj/LaunchScreen.storyboard; sourceTree = "<group>"; };
		6602585321CAF29B00DCC3BC /* Info.plist */ = {isa = PBXFileReference; lastKnownFileType = text.plist.xml; path = Info.plist; sourceTree = "<group>"; };
/* End PBXFileReference section */

/* Begin PBXFrameworksBuildPhase section */
		6602584121CAF29A00DCC3BC /* Frameworks */ = {
			isa = PBXFrameworksBuildPhase;
			buildActionMask = 2147483647;
			files = (
				1F46B3C495C7D5C334F79AEC /* Pods_otpio.framework in Frameworks */,
			);
			runOnlyForDeploymentPostprocessing = 0;
		};
/* End PBXFrameworksBuildPhase section */

/* Begin PBXGroup section */
		2D3B80AB50706B2FDBF7A85D /* Pods */ = {
			isa = PBXGroup;
			children = (
				1D113EA5D421D7B6B70B37D1 /* Pods-otpio.debug.xcconfig */,
				0FA6A496A4495BF0D59F6A6F /* Pods-otpio.release.xcconfig */,
			);
			name = Pods;
			path = Pods;
			sourceTree = "<group>";
		};
		6602583B21CAF29A00DCC3BC = {
			isa = PBXGroup;
			children = (
				6602584621CAF29A00DCC3BC /* otpio */,
				6602584521CAF29A00DCC3BC /* Products */,
				2D3B80AB50706B2FDBF7A85D /* Pods */,
				DE360F29F2975FB6230D42B4 /* Frameworks */,
			);
			sourceTree = "<group>";
		};
		6602584521CAF29A00DCC3BC /* Products */ = {
			isa = PBXGroup;
			children = (
				6602584421CAF29A00DCC3BC /* otpio.app */,
			);
			name = Products;
			sourceTree = "<group>";
		};
		6602584621CAF29A00DCC3BC /* otpio */ = {
			isa = PBXGroup;
			children = (
				6602584721CAF29A00DCC3BC /* AppDelegate.swift */,
				6602584921CAF29A00DCC3BC /* ViewController.swift */,
				6602584B21CAF29A00DCC3BC /* Main.storyboard */,
				6602584E21CAF29B00DCC3BC /* Assets.xcassets */,
				6602585021CAF29B00DCC3BC /* LaunchScreen.storyboard */,
				6602585321CAF29B00DCC3BC /* Info.plist */,
			);
			path = otpio;
			sourceTree = "<group>";
		};
		DE360F29F2975FB6230D42B4 /* Frameworks */ = {
			isa = PBXGroup;
			children = (
				019D5787F17954E092C11C5D /* Pods_otpio.framework */,
			);
			name = Frameworks;
			sourceTree = "<group>";
		};
/* End PBXGroup section */

/* Begin PBXNativeTarget section */
		6602584321CAF29A00DCC3BC /* otpio */ = {
			isa = PBXNativeTarget;
			buildConfigurationList = 6602585621CAF29B00DCC3BC /* Build configuration list for PBXNativeTarget "otpio" */;
			buildPhases = (
				998CF72ED060AF7259A9F49C /* [CP] Check Pods Manifest.lock */,
				6602584021CAF29A00DCC3BC /* Sources */,
				6602584121CAF29A00DCC3BC /* Frameworks */,
				6602584221CAF29A00DCC3BC /* Resources */,
			);
			buildRules = (
			);
			dependencies = (
			);
			name = otpio;
			productName = otpio;
			productReference = 6602584421CAF29A00DCC3BC /* otpio.app */;
			productType = "com.apple.product-type.application";
		};
/* End PBXNativeTarget section */

/* Begin PBXProject section */
		6602583C21CAF29A00DCC3BC /* Project object */ = {
			isa = PBXProject;
			attributes = {
				LastSwiftUpdateCheck = 1010;
				LastUpgradeCheck = 1010;
				ORGANIZATIONNAME = "Matrix Studios";
				TargetAttributes = {
					6602584321CAF29A00DCC3BC = {
						CreatedOnToolsVersion = 10.1;
					};
				};
			};
			buildConfigurationList = 6602583F21CAF29A00DCC3BC /* Build configuration list for PBXProject "otpio" */;
			compatibilityVersion = "Xcode 9.3";
			developmentRegion = en;
			hasScannedForEncodings = 0;
			knownRegions = (
				en,
				Base,
			);
			mainGroup = 6602583B21CAF29A00DCC3BC;
			productRefGroup = 6602584521CAF29A00DCC3BC /* Products */;
			projectDirPath = "";
			projectRoot = "";
			targets = (
				6602584321CAF29A00DCC3BC /* otpio */,
			);
		};
/* End PBXProject section */

/* Begin PBXResourcesBuildPhase section */
		6602584221CAF29A00DCC3BC /* Resources */ = {
			isa = PBXResourcesBuildPhase;
			buildActionMask = 2147483647;
			files = (
				6602585221CAF29B00DCC3BC /* LaunchScreen.storyboard in Resources */,
				6602584F21CAF29B00DCC3BC /* Assets.xcassets in Resources */,
				6602584D21CAF29A00DCC3BC /* Main.storyboard in Resources */,
			);
			runOnlyForDeploymentPostprocessing = 0;
		};
/* End PBXResourcesBuildPhase section */

/* Begin PBXShellScriptBuildPhase section */
		998CF72ED060AF7259A9F49C /* [CP] Check Pods Manifest.lock */ = {
			isa = PBXShellScriptBuildPhase;
			buildActionMask = 2147483647;
			files = (
			);
			inputFileListPaths = (
			);
			inputPaths = (
				"${PODS_PODFILE_DIR_PATH}/Podfile.lock",
				"${PODS_ROOT}/Manifest.lock",
			);
			name = "[CP] Check Pods Manifest.lock";
			outputFileListPaths = (
			);
			outputPaths = (
				"$(DERIVED_FILE_DIR)/Pods-otpio-checkManifestLockResult.txt",
			);
			runOnlyForDeploymentPostprocessing = 0;
			shellPath = /bin/sh;
			shellScript = "diff \"${PODS_PODFILE_DIR_PATH}/Podfile.lock\" \"${PODS_ROOT}/Manifest.lock\" > /dev/null\nif [ $? != 0 ] ; then\n    # print error to STDERR\n    echo \"error: The sandbox is not in sync with the Podfile.lock. Run 'pod install' or update your CocoaPods installation.\" >&2\n    exit 1\nfi\n# This output is used by Xcode 'outputs' to avoid re-running this script phase.\necho \"SUCCESS\" > \"${SCRIPT_OUTPUT_FILE_0}\"\n";
			showEnvVarsInLog = 0;
		};
/* End PBXShellScriptBuildPhase section */

/* Begin PBXSourcesBuildPhase section */
		6602584021CAF29A00DCC3BC /* Sources */ = {
			isa = PBXSourcesBuildPhase;
			buildActionMask = 2147483647;
			files = (
				6602584A21CAF29A00DCC3BC /* ViewController.swift in Sources */,
				6602584821CAF29A00DCC3BC /* AppDelegate.swift in Sources */,
			);
			runOnlyForDeploymentPostprocessing = 0;
		};
/* End PBXSourcesBuildPhase section */

/* Begin PBXVariantGroup section */
		6602584B21CAF29A00DCC3BC /* Main.storyboard */ = {
			isa = PBXVariantGroup;
			children = (
				6602584C21CAF29A00DCC3BC /* Base */,
			);
			name = Main.storyboard;
			sourceTree = "<group>";
		};
		6602585021CAF29B00DCC3BC /* LaunchScreen.storyboard */ = {
			isa = PBXVariantGroup;
			children = (
				6602585121CAF29B00DCC3BC /* Base */,
			);
			name = LaunchScreen.storyboard;
			sourceTree = "<group>";
		};
/* End PBXVariantGroup section */

/* Begin XCBuildConfiguration section */
		6602585421CAF29B00DCC3BC /* Debug */ = {
			isa = XCBuildConfiguration;
			buildSettings = {
				ALWAYS_SEARCH_USER_PATHS = NO;
				CLANG_ANALYZER_NONNULL = YES;
				CLANG_ANALYZER_NUMBER_OBJECT_CONVERSION = YES_AGGRESSIVE;
				CLANG_CXX_LANGUAGE_STANDARD = "gnu++14";
				CLANG_CXX_LIBRARY = "libc++";
				CLANG_ENABLE_MODULES = YES;
				CLANG_ENABLE_OBJC_ARC = YES;
				CLANG_ENABLE_OBJC_WEAK = YES;
				CLANG_WARN_BLOCK_CAPTURE_AUTORELEASING = YES;
				CLANG_WARN_BOOL_CONVERSION = YES;
				CLANG_WARN_COMMA = YES;
				CLANG_WARN_CONSTANT_CONVERSION = YES;
				CLANG_WARN_DEPRECATED_OBJC_IMPLEMENTATIONS = YES;
				CLANG_WARN_DIRECT_OBJC_ISA_USAGE = YES_ERROR;
				CLANG_WARN_DOCUMENTATION_COMMENTS = YES;
				CLANG_WARN_EMPTY_BODY = YES;
				CLANG_WARN_ENUM_CONVERSION = YES;
				CLANG_WARN_INFINITE_RECURSION = YES;
				CLANG_WARN_INT_CONVERSION = YES;
				CLANG_WARN_NON_LITERAL_NULL_CONVERSION = YES;
				CLANG_WARN_OBJC_IMPLICIT_RETAIN_SELF = YES;
				CLANG_WARN_OBJC_LITERAL_CONVERSION = YES;
				CLANG_WARN_OBJC_ROOT_CLASS = YES_ERROR;
				CLANG_WARN_RANGE_LOOP_ANALYSIS = YES;
				CLANG_WARN_STRICT_PROTOTYPES = YES;
				CLANG_WARN_SUSPICIOUS_MOVE = YES;
				CLANG_WARN_UNGUARDED_AVAILABILITY = YES_AGGRESSIVE;
				CLANG_WARN_UNREACHABLE_CODE = YES;
				CLANG_WARN__DUPLICATE_METHOD_MATCH = YES;
				CODE_SIGN_IDENTITY = "iPhone Developer";
				COPY_PHASE_STRIP = NO;
				DEBUG_INFORMATION_FORMAT = dwarf;
				ENABLE_STRICT_OBJC_MSGSEND = YES;
				ENABLE_TESTABILITY = YES;
				GCC_C_LANGUAGE_STANDARD = gnu11;
				GCC_DYNAMIC_NO_PIC = NO;
				GCC_NO_COMMON_BLOCKS = YES;
				GCC_OPTIMIZATION_LEVEL = 0;
				GCC_PREPROCESSOR_DEFINITIONS = (
					"DEBUG=1",
					"$(inherited)",
				);
				GCC_WARN_64_TO_32_BIT_CONVERSION = YES;
				GCC_WARN_ABOUT_RETURN_TYPE = YES_ERROR;
				GCC_WARN_UNDECLARED_SELECTOR = YES;
				GCC_WARN_UNINITIALIZED_AUTOS = YES_AGGRESSIVE;
				GCC_WARN_UNUSED_FUNCTION = YES;
				GCC_WARN_UNUSED_VARIABLE = YES;
				IPHONEOS_DEPLOYMENT_TARGET = 12.1;
				MTL_ENABLE_DEBUG_INFO = INCLUDE_SOURCE;
				MTL_FAST_MATH = YES;
				ONLY_ACTIVE_ARCH = YES;
				SDKROOT = iphoneos;
				SWIFT_ACTIVE_COMPILATION_CONDITIONS = DEBUG;
				SWIFT_OPTIMIZATION_LEVEL = "-Onone";
			};
			name = Debug;
		};
		6602585521CAF29B00DCC3BC /* Release */ = {
			isa = XCBuildConfiguration;
			buildSettings = {
				ALWAYS_SEARCH_USER_PATHS = NO;
				CLANG_ANALYZER_NONNULL = YES;
				CLANG_ANALYZER_NUMBER_OBJECT_CONVERSION = YES_AGGRESSIVE;
				CLANG_CXX_LANGUAGE_STANDARD = "gnu++14";
				CLANG_CXX_LIBRARY = "libc++";
				CLANG_ENABLE_MODULES = YES;
				CLANG_ENABLE_OBJC_ARC = YES;
				CLANG_ENABLE_OBJC_WEAK = YES;
				CLANG_WARN_BLOCK_CAPTURE_AUTORELEASING = YES;
				CLANG_WARN_BOOL_CONVERSION = YES;
				CLANG_WARN_COMMA = YES;
				CLANG_WARN_CONSTANT_CONVERSION = YES;
				CLANG_WARN_DEPRECATED_OBJC_IMPLEMENTATIONS = YES;
				CLANG_WARN_DIRECT_OBJC_ISA_USAGE = YES_ERROR;
				CLANG_WARN_DOCUMENTATION_COMMENTS = YES;
				CLANG_WARN_EMPTY_BODY = YES;
				CLANG_WARN_ENUM_CONVERSION = YES;
				CLANG_WARN_INFINITE_RECURSION = YES;
				CLANG_WARN_INT_CONVERSION = YES;
				CLANG_WARN_NON_LITERAL_NULL_CONVERSION = YES;
				CLANG_WARN_OBJC_IMPLICIT_RETAIN_SELF = YES;
				CLANG_WARN_OBJC_LITERAL_CONVERSION = YES;
				CLANG_WARN_OBJC_ROOT_CLASS = YES_ERROR;
				CLANG_WARN_RANGE_LOOP_ANALYSIS = YES;
				CLANG_WARN_STRICT_PROTOTYPES = YES;
				CLANG_WARN_SUSPICIOUS_MOVE = YES;
				CLANG_WARN_UNGUARDED_AVAILABILITY = YES_AGGRESSIVE;
				CLANG_WARN_UNREACHABLE_CODE = YES;
				CLANG_WARN__DUPLICATE_METHOD_MATCH = YES;
				CODE_SIGN_IDENTITY = "iPhone Developer";
				COPY_PHASE_STRIP = NO;
				DEBUG_INFORMATION_FORMAT = "dwarf-with-dsym";
				ENABLE_NS_ASSERTIONS = NO;
				ENABLE_STRICT_OBJC_MSGSEND = YES;
				GCC_C_LANGUAGE_STANDARD = gnu11;
				GCC_NO_COMMON_BLOCKS = YES;
				GCC_WARN_64_TO_32_BIT_CONVERSION = YES;
				GCC_WARN_ABOUT_RETURN_TYPE = YES_ERROR;
				GCC_WARN_UNDECLARED_SELECTOR = YES;
				GCC_WARN_UNINITIALIZED_AUTOS = YES_AGGRESSIVE;
				GCC_WARN_UNUSED_FUNCTION = YES;
				GCC_WARN_UNUSED_VARIABLE = YES;
				IPHONEOS_DEPLOYMENT_TARGET = 12.1;
				MTL_ENABLE_DEBUG_INFO = NO;
				MTL_FAST_MATH = YES;
				SDKROOT = iphoneos;
				SWIFT_COMPILATION_MODE = wholemodule;
				SWIFT_OPTIMIZATION_LEVEL = "-O";
				VALIDATE_PRODUCT = YES;
			};
			name = Release;
		};
		6602585721CAF29B00DCC3BC /* Debug */ = {
			isa = XCBuildConfiguration;
			baseConfigurationReference = 1D113EA5D421D7B6B70B37D1 /* Pods-otpio.debug.xcconfig */;
			buildSettings = {
				ASSETCATALOG_COMPILER_APPICON_NAME = AppIcon;
				CODE_SIGN_STYLE = Automatic;
				DEVELOPMENT_TEAM = 6S4L29QT59;
				INFOPLIST_FILE = otpio/Info.plist;
				LD_RUNPATH_SEARCH_PATHS = (
					"$(inherited)",
					"@executable_path/Frameworks",
				);
				PRODUCT_BUNDLE_IDENTIFIER = com.otpio.otpio;
				PRODUCT_NAME = "$(TARGET_NAME)";
				SWIFT_VERSION = 4.2;
				TARGETED_DEVICE_FAMILY = "1,2";
			};
			name = Debug;
		};
		6602585821CAF29B00DCC3BC /* Release */ = {
			isa = XCBuildConfiguration;
			baseConfigurationReference = 0FA6A496A4495BF0D59F6A6F /* Pods-otpio.release.xcconfig */;
			buildSettings = {
				ASSETCATALOG_COMPILER_APPICON_NAME = AppIcon;
				CODE_SIGN_STYLE = Automatic;
				DEVELOPMENT_TEAM = 6S4L29QT59;
				INFOPLIST_FILE = otpio/Info.plist;
				LD_RUNPATH_SEARCH_PATHS = (
					"$(inherited)",
					"@executable_path/Frameworks",
				);
				PRODUCT_BUNDLE_IDENTIFIER = com.otpio.otpio;
				PRODUCT_NAME = "$(TARGET_NAME)";
				SWIFT_VERSION = 4.2;
				TARGETED_DEVICE_FAMILY = "1,2";
			};
			name = Release;
		};
/* End XCBuildConfiguration section */

/* Begin XCConfigurationList section */
		6602583F21CAF29A00DCC3BC /* Build configuration list for PBXProject "otpio" */ = {
			isa = XCConfigurationList;
			buildConfigurations = (
				6602585421CAF29B00DCC3BC /* Debug */,
				6602585521CAF29B00DCC3BC /* Release */,
			);
			defaultConfigurationIsVisible = 0;
			defaultConfigurationName = Release;
		};
		6602585621CAF29B00DCC3BC /* Build configuration list for PBXNativeTarget "otpio" */ = {
			isa = XCConfigurationList;
			buildConfigurations = (
				6602585721CAF29B00DCC3BC /* Debug */,
				6602585821CAF29B00DCC3BC /* Release */,
			);
			defaultConfigurationIsVisible = 0;
			defaultConfigurationName = Release;
		};
/* End XCConfigurationList section */
	};
	rootObject = 6602583C21CAF29A00DCC3BC /* Project object */;
}
